
Microsoft Visual Studio Solution File, Format Version 12.00
# Visual Studio 15
VisualStudioVersion = 15.0.26730.15
MinimumVisualStudioVersion = 10.0.40219.1
Project("{FAE04EC0-301F-11D3-BF4B-00C04F79EFBC}") = "1.5.BatchUpgrader", "1.5.BatchUpgrader\1.5.BatchUpgrader.csproj", "{82244347-47A6-4DC2-97B7-72B4185271FF}"
EndProject
Project("{FAE04EC0-301F-11D3-BF4B-00C04F79EFBC}") = "1.6.FBXExporter", "1.6.FBXExporter\1.6.FBXExporter.csproj", "{90189EF4-D8E4-483B-AAD5-90ABBBCDFB50}"
EndProject
Project("{FAE04EC0-301F-11D3-BF4B-00C04F79EFBC}") = "1.7.GridCreation", "1.7.GridCreation\1.7.GridCreation.csproj", "{F60141CA-9EE0-437C-B721-B24D6896AA1A}"
EndProject
Project("{FAE04EC0-301F-11D3-BF4B-00C04F79EFBC}") = "1.8.BatchFamilyExport", "1.8.BatchFamilyExport\1.8.BatchFamilyExport.csproj", "{1AE0A18B-64A3-427E-8DE0-54E61DC5B5AE}"
EndProject
Project("{FAE04EC0-301F-11D3-BF4B-00C04F79EFBC}") = "1.9.RoomNumbering", "1.9.RoomNumbering\1.9.RoomNumbering.csproj", "{75E7522C-6394-48B6-85F5-45CD790FE1EB}"
EndProject
Project("{FAE04EC0-301F-11D3-BF4B-00C04F79EFBC}") = "1.10.BatchUpgrader", "1.10.BatchUpgrader\1.10.BatchUpgrader.csproj", "{B5FE77CC-052B-4513-88AE-E2EC0F75C4D1}"
EndProject
Project("{FAE04EC0-301F-11D3-BF4B-00C04F79EFBC}") = "2.1.ElementSearch", "2.1.ElementSearch\2.1.ElementSearch.csproj", "{CE32E0F3-1E4C-44DE-9A98-7D71E3777D9D}"
EndProject
Project("{FAE04EC0-301F-11D3-BF4B-00C04F79EFBC}") = "2.2.ExportImport", "2.2.ExportImport\2.2.ExportImport.csproj", "{812AB46C-DB5B-46E4-8879-298E5F7CC0D7}"
EndProject
Project("{FAE04EC0-301F-11D3-BF4B-00C04F79EFBC}") = "2.3.FamilyLoader", "2.3.FamilyLoader\2.3.FamilyLoader.csproj", "{4F4DEAC6-C0DD-4D2C-8308-26005D889504}"
EndProject
Global
	GlobalSection(SolutionConfigurationPlatforms) = preSolution
		Debug|Any CPU = Debug|Any CPU
		Release|Any CPU = Release|Any CPU
	EndGlobalSection
	GlobalSection(ProjectConfigurationPlatforms) = postSolution
		{82244347-47A6-4DC2-97B7-72B4185271FF}.Debug|Any CPU.ActiveCfg = Debug|Any CPU
		{82244347-47A6-4DC2-97B7-72B4185271FF}.Debug|Any CPU.Build.0 = Debug|Any CPU
		{82244347-47A6-4DC2-97B7-72B4185271FF}.Release|Any CPU.ActiveCfg = Release|Any CPU
		{82244347-47A6-4DC2-97B7-72B4185271FF}.Release|Any CPU.Build.0 = Release|Any CPU
		{90189EF4-D8E4-483B-AAD5-90ABBBCDFB50}.Debug|Any CPU.ActiveCfg = Debug|Any CPU
		{90189EF4-D8E4-483B-AAD5-90ABBBCDFB50}.Debug|Any CPU.Build.0 = Debug|Any CPU
		{90189EF4-D8E4-483B-AAD5-90ABBBCDFB50}.Release|Any CPU.ActiveCfg = Release|Any CPU
		{90189EF4-D8E4-483B-AAD5-90ABBBCDFB50}.Release|Any CPU.Build.0 = Release|Any CPU
		{F60141CA-9EE0-437C-B721-B24D6896AA1A}.Debug|Any CPU.ActiveCfg = Debug|Any CPU
		{F60141CA-9EE0-437C-B721-B24D6896AA1A}.Debug|Any CPU.Build.0 = Debug|Any CPU
		{F60141CA-9EE0-437C-B721-B24D6896AA1A}.Release|Any CPU.ActiveCfg = Release|Any CPU
		{F60141CA-9EE0-437C-B721-B24D6896AA1A}.Release|Any CPU.Build.0 = Release|Any CPU
		{1AE0A18B-64A3-427E-8DE0-54E61DC5B5AE}.Debug|Any CPU.ActiveCfg = Debug|Any CPU
		{1AE0A18B-64A3-427E-8DE0-54E61DC5B5AE}.Debug|Any CPU.Build.0 = Debug|Any CPU
		{1AE0A18B-64A3-427E-8DE0-54E61DC5B5AE}.Release|Any CPU.ActiveCfg = Release|Any CPU
		{1AE0A18B-64A3-427E-8DE0-54E61DC5B5AE}.Release|Any CPU.Build.0 = Release|Any CPU
		{75E7522C-6394-48B6-85F5-45CD790FE1EB}.Debug|Any CPU.ActiveCfg = Debug|Any CPU
		{75E7522C-6394-48B6-85F5-45CD790FE1EB}.Debug|Any CPU.Build.0 = Debug|Any CPU
		{75E7522C-6394-48B6-85F5-45CD790FE1EB}.Release|Any CPU.ActiveCfg = Release|Any CPU
		{75E7522C-6394-48B6-85F5-45CD790FE1EB}.Release|Any CPU.Build.0 = Release|Any CPU
		{B5FE77CC-052B-4513-88AE-E2EC0F75C4D1}.Debug|Any CPU.ActiveCfg = Debug|Any CPU
		{B5FE77CC-052B-4513-88AE-E2EC0F75C4D1}.Debug|Any CPU.Build.0 = Debug|Any CPU
		{B5FE77CC-052B-4513-88AE-E2EC0F75C4D1}.Release|Any CPU.ActiveCfg = Release|Any CPU
		{B5FE77CC-052B-4513-88AE-E2EC0F75C4D1}.Release|Any CPU.Build.0 = Release|Any CPU
		{CE32E0F3-1E4C-44DE-9A98-7D71E3777D9D}.Debug|Any CPU.ActiveCfg = Debug|Any CPU
		{CE32E0F3-1E4C-44DE-9A98-7D71E3777D9D}.Debug|Any CPU.Build.0 = Debug|Any CPU
		{CE32E0F3-1E4C-44DE-9A98-7D71E3777D9D}.Release|Any CPU.ActiveCfg = Release|Any CPU
		{CE32E0F3-1E4C-44DE-9A98-7D71E3777D9D}.Release|Any CPU.Build.0 = Release|Any CPU
		{812AB46C-DB5B-46E4-8879-298E5F7CC0D7}.Debug|Any CPU.ActiveCfg = Debug|Any CPU
		{812AB46C-DB5B-46E4-8879-298E5F7CC0D7}.Debug|Any CPU.Build.0 = Debug|Any CPU
		{812AB46C-DB5B-46E4-8879-298E5F7CC0D7}.Release|Any CPU.ActiveCfg = Release|Any CPU
		{812AB46C-DB5B-46E4-8879-298E5F7CC0D7}.Release|Any CPU.Build.0 = Release|Any CPU
		{4F4DEAC6-C0DD-4D2C-8308-26005D889504}.Debug|Any CPU.ActiveCfg = Debug|Any CPU
		{4F4DEAC6-C0DD-4D2C-8308-26005D889504}.Debug|Any CPU.Build.0 = Debug|Any CPU
		{4F4DEAC6-C0DD-4D2C-8308-26005D889504}.Release|Any CPU.ActiveCfg = Release|Any CPU
		{4F4DEAC6-C0DD-4D2C-8308-26005D889504}.Release|Any CPU.Build.0 = Release|Any CPU
	EndGlobalSection
	GlobalSection(SolutionProperties) = preSolution
		HideSolutionNode = FALSE
	EndGlobalSection
	GlobalSection(ExtensibilityGlobals) = postSolution
		SolutionGuid = {433EC46C-B4D8-4864-ACA8-2BDC3FBD0F86}
	EndGlobalSection
EndGlobal
